<?xml version="1.0" encoding="utf-8"?>
<Project ToolsVersion="4.0" xmlns="http://schemas.microsoft.com/developer/msbuild/2003">
  <ItemGroup>
    <Filter Include="Source Files">
      <UniqueIdentifier>{4FC737F1-C7A5-4376-A066-2A32D752A2FF}</UniqueIdentifier>
      <Extensions>cpp;cxx;c;def</Extensions>
    </Filter>
    <Filter Include="Header Files">
      <UniqueIdentifier>{93995380-89BD-4b04-88EB-625FBE52EBFB}</UniqueIdentifier>
      <Extensions>h</Extensions>
    </Filter>
    <Filter Include="Form Files">
      <UniqueIdentifier>{99349809-55BA-4b9d-BF79-8FDBB0286EB3}</UniqueIdentifier>
      <Extensions>ui</Extensions>
    </Filter>
    <Filter Include="Resource Files">
      <UniqueIdentifier>{D9D6E242-F8AF-46E4-B9FD-80ECBC20BA3E}</UniqueIdentifier>
      <Extensions>qrc;*</Extensions>
      <ParseFiles>false</ParseFiles>
    </Filter>
    <Filter Include="Generated Files">
      <UniqueIdentifier>{71ED8ED8-ACB9-4CE9-BBE1-E00B30144E11}</UniqueIdentifier>
      <Extensions>moc;h;cpp</Extensions>
      <SourceControlFiles>False</SourceControlFiles>
    </Filter>
    <Filter Include="Generated Files\Debug">
      <UniqueIdentifier>{31e06615-e04e-4f46-927c-33215b687d07}</UniqueIdentifier>
      <Extensions>cpp;moc</Extensions>
      <SourceControlFiles>False</SourceControlFiles>
    </Filter>
    <Filter Include="Generated Files\Release">
      <UniqueIdentifier>{2cd4247d-e6c9-4669-b092-b656dbb0f5e3}</UniqueIdentifier>
      <Extensions>cpp;moc</Extensions>
      <SourceControlFiles>False</SourceControlFiles>
    </Filter>
  </ItemGroup>
  <ItemGroup>
    <ClCompile Include="main.cpp">
      <Filter>Source Files</Filter>
    </ClCompile>
    <ClCompile Include="pointanalysis.cpp">
      <Filter>Source Files</Filter>
    </ClCompile>
    <ClCompile Include="GeneratedFiles\Debug\moc_pointanalysis.cpp">
      <Filter>Generated Files\Debug</Filter>
    </ClCompile>
    <ClCompile Include="GeneratedFiles\Release\moc_pointanalysis.cpp">
      <Filter>Generated Files\Release</Filter>
    </ClCompile>
    <ClCompile Include="GeneratedFiles\qrc_pointanalysis.cpp">
      <Filter>Generated Files</Filter>
    </ClCompile>
    <ClCompile Include="pcmodel.cpp">
      <Filter>Source Files</Filter>
    </ClCompile>
    <ClCompile Include="GeneratedFiles\Debug\moc_pcmodel.cpp">
      <Filter>Generated Files\Debug</Filter>
    </ClCompile>
    <ClCompile Include="GeneratedFiles\Release\moc_pcmodel.cpp">
      <Filter>Generated Files\Release</Filter>
    </ClCompile>
    <ClCompile Include="progressdialog1.cpp">
      <Filter>Source Files</Filter>
    </ClCompile>
    <ClCompile Include="GeneratedFiles\Debug\moc_progressdialog1.cpp">
      <Filter>Generated Files\Debug</Filter>
    </ClCompile>
    <ClCompile Include="GeneratedFiles\Release\moc_progressdialog1.cpp">
      <Filter>Generated Files\Release</Filter>
    </ClCompile>
    <ClCompile Include="outputthread.cpp">
      <Filter>Source Files</Filter>
    </ClCompile>
    <ClCompile Include="GeneratedFiles\Debug\moc_outputthread.cpp">
      <Filter>Generated Files\Debug</Filter>
    </ClCompile>
    <ClCompile Include="GeneratedFiles\Release\moc_outputthread.cpp">
      <Filter>Generated Files\Release</Filter>
    </ClCompile>
    <ClCompile Include="PAPointCloud.cpp">
      <Filter>Source Files</Filter>
    </ClCompile>
    <ClCompile Include="PAPoint.cpp">
      <Filter>Source Files</Filter>
    </ClCompile>
    <ClCompile Include="loadthread.cpp">
      <Filter>Source Files</Filter>
    </ClCompile>
    <ClCompile Include="GeneratedFiles\Debug\moc_loadthread.cpp">
      <Filter>Generated Files\Debug</Filter>
    </ClCompile>
    <ClCompile Include="GeneratedFiles\Release\moc_loadthread.cpp">
      <Filter>Generated Files\Release</Filter>
    </ClCompile>
    <ClCompile Include="GeneratedFiles\Debug\moc_featureestimator.cpp">
      <Filter>Generated Files\Debug</Filter>
    </ClCompile>
    <ClCompile Include="GeneratedFiles\Release\moc_featureestimator.cpp">
      <Filter>Generated Files\Release</Filter>
    </ClCompile>
    <ClCompile Include="featureestimator.cpp">
      <Filter>Source Files</Filter>
    </ClCompile>
    <ClCompile Include="GeneratedFiles\Debug\moc_utils.cpp">
      <Filter>Generated Files\Debug</Filter>
    </ClCompile>
    <ClCompile Include="GeneratedFiles\Release\moc_utils.cpp">
      <Filter>Generated Files\Release</Filter>
    </ClCompile>
    <ClCompile Include="utils.cpp">
      <Filter>Source Files</Filter>
    </ClCompile>
    <ClCompile Include="featurethread.cpp">
      <Filter>Source Files</Filter>
    </ClCompile>
    <ClCompile Include="GeneratedFiles\Debug\moc_featurethread.cpp">
      <Filter>Generated Files\Debug</Filter>
    </ClCompile>
    <ClCompile Include="GeneratedFiles\Release\moc_featurethread.cpp">
      <Filter>Generated Files\Release</Filter>
    </ClCompile>
    <ClCompile Include="pointfeaturethread.cpp">
      <Filter>Source Files</Filter>
    </ClCompile>
    <ClCompile Include="GeneratedFiles\Debug\moc_pointfeaturethread.cpp">
      <Filter>Generated Files\Debug</Filter>
    </ClCompile>
    <ClCompile Include="GeneratedFiles\Release\moc_pointfeaturethread.cpp">
      <Filter>Generated Files\Release</Filter>
    </ClCompile>
    <ClCompile Include="GeneratedFiles\Debug\moc_pointfeatureextractor.cpp">
      <Filter>Generated Files\Debug</Filter>
    </ClCompile>
    <ClCompile Include="GeneratedFiles\Release\moc_pointfeatureextractor.cpp">
      <Filter>Generated Files\Release</Filter>
    </ClCompile>
    <ClCompile Include="pointfeatureextractor.cpp">
      <Filter>Source Files</Filter>
    </ClCompile>
    <ClCompile Include="trainthread.cpp">
      <Filter>Source Files</Filter>
    </ClCompile>
    <ClCompile Include="GeneratedFiles\Debug\moc_trainthread.cpp">
      <Filter>Generated Files\Debug</Filter>
    </ClCompile>
    <ClCompile Include="GeneratedFiles\Release\moc_trainthread.cpp">
      <Filter>Generated Files\Release</Filter>
    </ClCompile>
    <ClCompile Include="testpcthread.cpp">
      <Filter>Source Files</Filter>
    </ClCompile>
    <ClCompile Include="GeneratedFiles\Debug\moc_testpcthread.cpp">
      <Filter>Generated Files\Debug</Filter>
    </ClCompile>
    <ClCompile Include="GeneratedFiles\Release\moc_testpcthread.cpp">
      <Filter>Generated Files\Release</Filter>
    </ClCompile>
    <ClCompile Include="sdfthread.cpp">
      <Filter>Source Files</Filter>
    </ClCompile>
    <ClCompile Include="GeneratedFiles\Debug\moc_sdfthread.cpp">
      <Filter>Generated Files\Debug</Filter>
    </ClCompile>
    <ClCompile Include="GeneratedFiles\Release\moc_sdfthread.cpp">
      <Filter>Generated Files\Release</Filter>
    </ClCompile>
    <ClCompile Include="sdfsubthread.cpp">
      <Filter>Source Files</Filter>
    </ClCompile>
    <ClCompile Include="GeneratedFiles\Debug\moc_sdfsubthread.cpp">
      <Filter>Generated Files\Debug</Filter>
    </ClCompile>
    <ClCompile Include="GeneratedFiles\Release\moc_sdfsubthread.cpp">
      <Filter>Generated Files\Release</Filter>
    </ClCompile>
    <ClCompile Include="pcathread.cpp">
      <Filter>Source Files</Filter>
    </ClCompile>
    <ClCompile Include="GeneratedFiles\Debug\moc_pcathread.cpp">
      <Filter>Generated Files\Debug</Filter>
    </ClCompile>
    <ClCompile Include="GeneratedFiles\Release\moc_pcathread.cpp">
      <Filter>Generated Files\Release</Filter>
    </ClCompile>
    <ClCompile Include="obb.cpp">
      <Filter>Source Files</Filter>
    </ClCompile>
    <ClCompile Include="GeneratedFiles\Debug\moc_obb.cpp">
      <Filter>Generated Files\Debug</Filter>
    </ClCompile>
    <ClCompile Include="GeneratedFiles\Release\moc_obb.cpp">
      <Filter>Generated Files\Release</Filter>
    </ClCompile>
    <ClCompile Include="obbestimator.cpp">
      <Filter>Source Files</Filter>
    </ClCompile>
    <ClCompile Include="normalizethread.cpp">
      <Filter>Source Files</Filter>
    </ClCompile>
    <ClCompile Include="GeneratedFiles\Debug\moc_normalizethread.cpp">
      <Filter>Generated Files\Debug</Filter>
    </ClCompile>
    <ClCompile Include="GeneratedFiles\Release\moc_normalizethread.cpp">
      <Filter>Generated Files\Release</Filter>
    </ClCompile>
    <ClCompile Include="papart.cpp">
      <Filter>Source Files</Filter>
    </ClCompile>
    <ClCompile Include="myglwidget.cpp">
      <Filter>Source Files</Filter>
    </ClCompile>
    <ClCompile Include="GeneratedFiles\Debug\moc_myglwidget.cpp">
      <Filter>Generated Files\Debug</Filter>
    </ClCompile>
    <ClCompile Include="GeneratedFiles\Release\moc_myglwidget.cpp">
      <Filter>Generated Files\Release</Filter>
    </ClCompile>
    <ClCompile Include="papartrelation.cpp">
      <Filter>Source Files</Filter>
    </ClCompile>
    <ClCompile Include="trainpartsthread.cpp">
      <Filter>Source Files</Filter>
    </ClCompile>
    <ClCompile Include="GeneratedFiles\Debug\moc_trainpartsthread.cpp">
      <Filter>Generated Files\Debug</Filter>
    </ClCompile>
    <ClCompile Include="GeneratedFiles\Release\moc_trainpartsthread.cpp">
      <Filter>Generated Files\Release</Filter>
    </ClCompile>
    <ClCompile Include="structureanalyser.cpp">
      <Filter>Source Files</Filter>
    </ClCompile>
    <ClCompile Include="GeneratedFiles\Debug\moc_structureanalyser.cpp">
      <Filter>Generated Files\Debug</Filter>
    </ClCompile>
    <ClCompile Include="GeneratedFiles\Release\moc_structureanalyser.cpp">
      <Filter>Generated Files\Release</Filter>
    </ClCompile>
    <ClCompile Include="gencandidatesthread.cpp">
      <Filter>Source Files</Filter>
    </ClCompile>
    <ClCompile Include="GeneratedFiles\Debug\moc_gencandidatesthread.cpp">
      <Filter>Generated Files\Debug</Filter>
    </ClCompile>
    <ClCompile Include="GeneratedFiles\Release\moc_gencandidatesthread.cpp">
      <Filter>Generated Files\Release</Filter>
    </ClCompile>
    <ClCompile Include="predictionthread.cpp">
      <Filter>Source Files</Filter>
    </ClCompile>
    <ClCompile Include="GeneratedFiles\Debug\moc_predictionthread.cpp">
      <Filter>Generated Files\Debug</Filter>
    </ClCompile>
    <ClCompile Include="GeneratedFiles\Release\moc_predictionthread.cpp">
      <Filter>Generated Files\Release</Filter>
    </ClCompile>
    <ClCompile Include="energyfunctions.cpp">
      <Filter>Source Files</Filter>
    </ClCompile>
    <ClCompile Include="debugrelationthread.cpp">
      <Filter>Source Files</Filter>
    </ClCompile>
    <ClCompile Include="GeneratedFiles\Debug\moc_debugrelationthread.cpp">
      <Filter>Generated Files\Debug</Filter>
    </ClCompile>
    <ClCompile Include="GeneratedFiles\Release\moc_debugrelationthread.cpp">
      <Filter>Generated Files\Release</Filter>
    </ClCompile>
    <ClCompile Include="ICP.cpp">
      <Filter>Source Files</Filter>
    </ClCompile>
    <ClCompile Include="meshmodel.cpp">
      <Filter>Source Files</Filter>
    </ClCompile>
    <ClCompile Include="GeneratedFiles\Debug\moc_meshmodel.cpp">
      <Filter>Generated Files\Debug</Filter>
    </ClCompile>
    <ClCompile Include="GeneratedFiles\Release\moc_meshmodel.cpp">
      <Filter>Generated Files\Release</Filter>
    </ClCompile>
    <ClCompile Include="model.cpp">
      <Filter>Source Files</Filter>
    </ClCompile>
    <ClCompile Include="checkmodelsthread.cpp">
      <Filter>Source Files</Filter>
    </ClCompile>
    <ClCompile Include="GeneratedFiles\Debug\moc_checkmodelsthread.cpp">
      <Filter>Generated Files\Debug</Filter>
    </ClCompile>
    <ClCompile Include="GeneratedFiles\Release\moc_checkmodelsthread.cpp">
      <Filter>Generated Files\Release</Filter>
    </ClCompile>
    <ClCompile Include="pointsegmentationthread.cpp">
      <Filter>Source Files</Filter>
    </ClCompile>
    <ClCompile Include="GeneratedFiles\Debug\moc_pointsegmentationthread.cpp">
      <Filter>Generated Files\Debug</Filter>
    </ClCompile>
    <ClCompile Include="GeneratedFiles\Release\moc_pointsegmentationthread.cpp">
      <Filter>Generated Files\Release</Filter>
    </ClCompile>
    <ClCompile Include="partssolver.cpp">
      <Filter>Source Files</Filter>
    </ClCompile>
    <ClCompile Include="cuboidrelation.cpp">
      <Filter>Source Files</Filter>
    </ClCompile>
    <ClCompile Include="CuboidPredictor.cpp">
      <Filter>Source Files</Filter>
    </ClCompile>
    <ClCompile Include="SamplePoint.cpp">
      <Filter>Source Files</Filter>
    </ClCompile>
    <ClCompile Include="simplerandom.c">
      <Filter>Source Files</Filter>
    </ClCompile>
    <ClCompile Include="CuboidSymmetryGroup.cpp">
      <Filter>Source Files</Filter>
    </ClCompile>
    <ClCompile Include="CuboidNonLinearSolver.cpp">
      <Filter>Source Files</Filter>
    </ClCompile>
    <ClCompile Include="IPOPTSolver.cpp">
      <Filter>Source Files</Filter>
    </ClCompile>
    <ClCompile Include="NLPEigenQuadFunction.cpp">
      <Filter>Source Files</Filter>
    </ClCompile>
    <ClCompile Include="NLPExpression.cpp">
      <Filter>Source Files</Filter>
    </ClCompile>
    <ClCompile Include="NLPFormulation.cpp">
      <Filter>Source Files</Filter>
    </ClCompile>
    <ClCompile Include="NLPVectorExpression.cpp">
      <Filter>Source Files</Filter>
    </ClCompile>
    <ClCompile Include="PartsStructure.cpp">
      <Filter>Source Files</Filter>
    </ClCompile>
    <ClCompile Include="partposeoptthread.cpp">
      <Filter>Source Files</Filter>
    </ClCompile>
    <ClCompile Include="GeneratedFiles\Debug\moc_partposeoptthread.cpp">
      <Filter>Generated Files\Debug</Filter>
    </ClCompile>
    <ClCompile Include="GeneratedFiles\Release\moc_partposeoptthread.cpp">
      <Filter>Generated Files\Release</Filter>
    </ClCompile>
  </ItemGroup>
  <ItemGroup>
    <CustomBuild Include="pointanalysis.h">
      <Filter>Header Files</Filter>
    </CustomBuild>
    <CustomBuild Include="pointanalysis.ui">
      <Filter>Form Files</Filter>
    </CustomBuild>
    <CustomBuild Include="pointanalysis.qrc">
      <Filter>Resource Files</Filter>
    </CustomBuild>
    <CustomBuild Include="pcmodel.h">
      <Filter>Header Files</Filter>
    </CustomBuild>
    <CustomBuild Include="progressdialog1.h">
      <Filter>Header Files</Filter>
    </CustomBuild>
    <CustomBuild Include="progressdialog1.ui">
      <Filter>Form Files</Filter>
    </CustomBuild>
    <CustomBuild Include="outputthread.h">
      <Filter>Header Files</Filter>
    </CustomBuild>
    <CustomBuild Include="loadthread.h">
      <Filter>Header Files</Filter>
    </CustomBuild>
    <CustomBuild Include="featureestimator.h">
      <Filter>Header Files</Filter>
    </CustomBuild>
    <CustomBuild Include="utils.h">
      <Filter>Header Files</Filter>
    </CustomBuild>
    <CustomBuild Include="featurethread.h">
      <Filter>Header Files</Filter>
    </CustomBuild>
    <CustomBuild Include="pointfeaturethread.h">
      <Filter>Header Files</Filter>
    </CustomBuild>
    <CustomBuild Include="pointfeatureextractor.h">
      <Filter>Header Files</Filter>
    </CustomBuild>
    <CustomBuild Include="trainthread.h">
      <Filter>Header Files</Filter>
    </CustomBuild>
    <CustomBuild Include="testpcthread.h">
      <Filter>Header Files</Filter>
    </CustomBuild>
    <CustomBuild Include="sdfthread.h">
      <Filter>Header Files</Filter>
    </CustomBuild>
    <CustomBuild Include="sdfsubthread.h">
      <Filter>Header Files</Filter>
    </CustomBuild>
    <CustomBuild Include="pcathread.h">
      <Filter>Header Files</Filter>
    </CustomBuild>
    <CustomBuild Include="obb.h">
      <Filter>Header Files</Filter>
    </CustomBuild>
    <CustomBuild Include="normalizethread.h">
      <Filter>Header Files</Filter>
    </CustomBuild>
    <CustomBuild Include="myglwidget.h">
      <Filter>Header Files</Filter>
    </CustomBuild>
    <CustomBuild Include="trainpartsthread.h">
      <Filter>Header Files</Filter>
    </CustomBuild>
    <CustomBuild Include="structureanalyser.h">
      <Filter>Header Files</Filter>
    </CustomBuild>
    <CustomBuild Include="gencandidatesthread.h">
      <Filter>Header Files</Filter>
    </CustomBuild>
    <CustomBuild Include="predictionthread.h">
      <Filter>Header Files</Filter>
    </CustomBuild>
    <CustomBuild Include="debugrelationthread.h">
      <Filter>Header Files</Filter>
    </CustomBuild>
    <CustomBuild Include="meshmodel.h">
      <Filter>Header Files</Filter>
    </CustomBuild>
    <CustomBuild Include="checkmodelsthread.h">
      <Filter>Header Files</Filter>
    </CustomBuild>
    <CustomBuild Include="pointsegmentationthread.h">
      <Filter>Header Files</Filter>
    </CustomBuild>
    <CustomBuild Include="partposeoptthread.h">
      <Filter>Header Files</Filter>
    </CustomBuild>
  </ItemGroup>
  <ItemGroup>
    <ClInclude Include="GeneratedFiles\ui_pointanalysis.h">
      <Filter>Generated Files</Filter>
    </ClInclude>
    <ClInclude Include="GeneratedFiles\ui_progressdialog1.h">
      <Filter>Generated Files</Filter>
    </ClInclude>
    <ClInclude Include="PAPointCloud.h">
      <Filter>Header Files</Filter>
    </ClInclude>
    <ClInclude Include="PAPoint.h">
      <Filter>Header Files</Filter>
    </ClInclude>
    <ClInclude Include="Seb.h">
      <Filter>Header Files</Filter>
    </ClInclude>
    <ClInclude Include="Seb_configure.h">
      <Filter>Header Files</Filter>
    </ClInclude>
    <ClInclude Include="Seb_point.h">
      <Filter>Header Files</Filter>
    </ClInclude>
    <ClInclude Include="Seb-inl.h">
      <Filter>Header Files</Filter>
    </ClInclude>
    <ClInclude Include="Subspan.h">
      <Filter>Header Files</Filter>
    </ClInclude>
    <ClInclude Include="Subspan-inl.h">
      <Filter>Header Files</Filter>
    </ClInclude>
    <ClInclude Include="obbestimator.h">
      <Filter>Header Files</Filter>
    </ClInclude>
    <ClInclude Include="papart.h">
      <Filter>Header Files</Filter>
    </ClInclude>
    <ClInclude Include="papartrelation.h">
      <Filter>Header Files</Filter>
    </ClInclude>
    <ClInclude Include="energyfunctions.h">
      <Filter>Header Files</Filter>
    </ClInclude>
    <ClInclude Include="ICP.h">
      <Filter>Header Files</Filter>
    </ClInclude>
    <ClInclude Include="model.h">
      <Filter>Header Files</Filter>
    </ClInclude>
    <ClInclude Include="constants.h">
      <Filter>Header Files</Filter>
    </ClInclude>
    <ClInclude Include="partssolver.h">
      <Filter>Header Files</Filter>
    </ClInclude>
    <ClInclude Include="definitions.h">
      <Filter>Header Files</Filter>
    </ClInclude>
    <ClInclude Include="resource.h">
      <Filter>Header Files</Filter>
    </ClInclude>
    <ClInclude Include="cuboidrelation.h">
      <Filter>Header Files</Filter>
    </ClInclude>
    <ClInclude Include="CuboidPredictor.h">
      <Filter>Header Files</Filter>
    </ClInclude>
    <ClInclude Include="SamplePoint.h">
      <Filter>Header Files</Filter>
    </ClInclude>
    <ClInclude Include="simplerandom.h">
      <Filter>Header Files</Filter>
    </ClInclude>
    <ClInclude Include="CuboidSymmetryGroup.h">
      <Filter>Header Files</Filter>
    </ClInclude>
    <ClInclude Include="CuboidNonLinearSolver.h">
      <Filter>Header Files</Filter>
    </ClInclude>
    <ClInclude Include="IPOPTSolver.h">
      <Filter>Header Files</Filter>
    </ClInclude>
    <ClInclude Include="NLPEigenQuadFunction.h">
      <Filter>Header Files</Filter>
    </ClInclude>
    <ClInclude Include="NLPExpression.h">
      <Filter>Header Files</Filter>
    </ClInclude>
    <ClInclude Include="NLPFormulation.h">
      <Filter>Header Files</Filter>
    </ClInclude>
    <ClInclude Include="NLPVectorExpression.h">
      <Filter>Header Files</Filter>
    </ClInclude>
    <ClInclude Include="PartsStructure.h">
      <Filter>Header Files</Filter>
    </ClInclude>
  </ItemGroup>
  <ItemGroup>
    <None Include="packages.config" />
  </ItemGroup>
  <ItemGroup>
    <ResourceCompile Include="PointAnalysis.rc" />
  </ItemGroup>
</Project>